
Microsoft Visual Studio Solution File, Format Version 12.00
# Visual Studio 15
VisualStudioVersion = 15.0.28010.2036
MinimumVisualStudioVersion = 10.0.40219.1
Project("{FAE04EC0-301F-11D3-BF4B-00C04F79EFBC}") = "DollarToCoins", "DollarToCoins\DollarToCoins.csproj", "{EDE8D725-02AA-4CC5-B3FD-B94EE03E4FA6}"
EndProject
Project("{FAE04EC0-301F-11D3-BF4B-00C04F79EFBC}") = "DollarToCoins.UnitTests", "UnitTestDollarToCoins\DollarToCoins.UnitTests.csproj", "{4B737E6E-9AC7-4E1F-AF0D-BE767099465F}"
EndProject
Global
	GlobalSection(SolutionConfigurationPlatforms) = preSolution
		Debug|Any CPU = Debug|Any CPU
		Release|Any CPU = Release|Any CPU
	EndGlobalSection
	GlobalSection(ProjectConfigurationPlatforms) = postSolution
		{EDE8D725-02AA-4CC5-B3FD-B94EE03E4FA6}.Debug|Any CPU.ActiveCfg = Debug|Any CPU
		{EDE8D725-02AA-4CC5-B3FD-B94EE03E4FA6}.Debug|Any CPU.Build.0 = Debug|Any CPU
		{EDE8D725-02AA-4CC5-B3FD-B94EE03E4FA6}.Release|Any CPU.ActiveCfg = Release|Any CPU
		{EDE8D725-02AA-4CC5-B3FD-B94EE03E4FA6}.Release|Any CPU.Build.0 = Release|Any CPU
		{4B737E6E-9AC7-4E1F-AF0D-BE767099465F}.Debug|Any CPU.ActiveCfg = Debug|Any CPU
		{4B737E6E-9AC7-4E1F-AF0D-BE767099465F}.Debug|Any CPU.Build.0 = Debug|Any CPU
		{4B737E6E-9AC7-4E1F-AF0D-BE767099465F}.Release|Any CPU.ActiveCfg = Release|Any CPU
		{4B737E6E-9AC7-4E1F-AF0D-BE767099465F}.Release|Any CPU.Build.0 = Release|Any CPU
	EndGlobalSection
	GlobalSection(SolutionProperties) = preSolution
		HideSolutionNode = FALSE
	EndGlobalSection
	GlobalSection(ExtensibilityGlobals) = postSolution
		SolutionGuid = {4D1249CB-786F-43D0-8425-70BE214939F0}
	EndGlobalSection
EndGlobal
